// !$*UTF8*$!
{
	archiveVersion = 1;
	classes = {
	};
	objectVersion = 46;
	objects = {

/* Begin PBXBuildFile section */
		3EE9345410163EE16318FD98 /* Pods_RideAlongUITests.framework in Frameworks */ = {isa = PBXBuildFile; fileRef = 4A5CF72237FE9F11083A06CF /* Pods_RideAlongUITests.framework */; };
		67D5DB512B02ED6D574AFC6C /* Pods_RideAlong.framework in Frameworks */ = {isa = PBXBuildFile; fileRef = 94EFA4C8673C16ABD9D52AFA /* Pods_RideAlong.framework */; };
		8AA22C8E00DD192DDDF1B9A7 /* Pods_RideAlong_RideAlongUITests.framework in Frameworks */ = {isa = PBXBuildFile; fileRef = 9DE3939966C21FA0C46F439E /* Pods_RideAlong_RideAlongUITests.framework */; };
		A503C69F1E4A2C4900EE2E35 /* AppDelegate.swift in Sources */ = {isa = PBXBuildFile; fileRef = A503C69E1E4A2C4900EE2E35 /* AppDelegate.swift */; };
		A503C6A61E4A2C4900EE2E35 /* Assets.xcassets in Resources */ = {isa = PBXBuildFile; fileRef = A503C6A51E4A2C4900EE2E35 /* Assets.xcassets */; };
		A503C6A91E4A2C4900EE2E35 /* LaunchScreen.storyboard in Resources */ = {isa = PBXBuildFile; fileRef = A503C6A71E4A2C4900EE2E35 /* LaunchScreen.storyboard */; };
		A503C6B41E4A2C4900EE2E35 /* RideAlongTests.swift in Sources */ = {isa = PBXBuildFile; fileRef = A503C6B31E4A2C4900EE2E35 /* RideAlongTests.swift */; };
		A503C6BF1E4A2C4900EE2E35 /* RideAlongUITests.swift in Sources */ = {isa = PBXBuildFile; fileRef = A503C6BE1E4A2C4900EE2E35 /* RideAlongUITests.swift */; };
		A566F0F91E6BE02900EE4262 /* RegisterViewController.swift in Sources */ = {isa = PBXBuildFile; fileRef = A566F0F81E6BE02900EE4262 /* RegisterViewController.swift */; };
		A566F0FC1E6BE39100EE4262 /* LoginPageViewController.swift in Sources */ = {isa = PBXBuildFile; fileRef = A566F0FB1E6BE39100EE4262 /* LoginPageViewController.swift */; };
		A57A1AC11E96EF640030BB07 /* CurrentProfileViewController.swift in Sources */ = {isa = PBXBuildFile; fileRef = A57A1AC01E96EF640030BB07 /* CurrentProfileViewController.swift */; };
		A5C292C11E8AF5950093995D /* GoogleService-Info.plist in Resources */ = {isa = PBXBuildFile; fileRef = A5C292C01E8AF5950093995D /* GoogleService-Info.plist */; };
		A5C292C31E8AFD1E0093995D /* ProfileViewController.swift in Sources */ = {isa = PBXBuildFile; fileRef = A5C292C21E8AFD1E0093995D /* ProfileViewController.swift */; };
		A5C292C61E8B00B80093995D /* Main.storyboard in Resources */ = {isa = PBXBuildFile; fileRef = A5C292C41E8B00B80093995D /* Main.storyboard */; };
		D552B9653AFFDCB4F9AE9089 /* Pods_RideAlong_RideAlongTests.framework in Frameworks */ = {isa = PBXBuildFile; fileRef = 631F7608E20ACA38B84EDF41 /* Pods_RideAlong_RideAlongTests.framework */; };
		E0B91602B8093F67A8070F19 /* Pods_RideAlongTests.framework in Frameworks */ = {isa = PBXBuildFile; fileRef = 4748D3668994225573D04425 /* Pods_RideAlongTests.framework */; };
/* End PBXBuildFile section */

/* Begin PBXContainerItemProxy section */
		A503C6B01E4A2C4900EE2E35 /* PBXContainerItemProxy */ = {
			isa = PBXContainerItemProxy;
			containerPortal = A503C6931E4A2C4900EE2E35 /* Project object */;
			proxyType = 1;
			remoteGlobalIDString = A503C69A1E4A2C4900EE2E35;
			remoteInfo = RideAlong;
		};
		A503C6BB1E4A2C4900EE2E35 /* PBXContainerItemProxy */ = {
			isa = PBXContainerItemProxy;
			containerPortal = A503C6931E4A2C4900EE2E35 /* Project object */;
			proxyType = 1;
			remoteGlobalIDString = A503C69A1E4A2C4900EE2E35;
			remoteInfo = RideAlong;
		};
/* End PBXContainerItemProxy section */

/* Begin PBXFileReference section */
		033A02D6A0DBBEF990958CA2 /* Pods-RideAlong-RideAlongTests.release.xcconfig */ = {isa = PBXFileReference; includeInIndex = 1; lastKnownFileType = text.xcconfig; name = "Pods-RideAlong-RideAlongTests.release.xcconfig"; path = "Pods/Target Support Files/Pods-RideAlong-RideAlongTests/Pods-RideAlong-RideAlongTests.release.xcconfig"; sourceTree = "<group>"; };
		1607AFC075D18E3C4DD1A91F /* Pods-RideAlong-RideAlongUITests.release.xcconfig */ = {isa = PBXFileReference; includeInIndex = 1; lastKnownFileType = text.xcconfig; name = "Pods-RideAlong-RideAlongUITests.release.xcconfig"; path = "Pods/Target Support Files/Pods-RideAlong-RideAlongUITests/Pods-RideAlong-RideAlongUITests.release.xcconfig"; sourceTree = "<group>"; };
		18595E7741E714AE85D24394 /* Pods-RideAlongTests.release.xcconfig */ = {isa = PBXFileReference; includeInIndex = 1; lastKnownFileType = text.xcconfig; name = "Pods-RideAlongTests.release.xcconfig"; path = "Pods/Target Support Files/Pods-RideAlongTests/Pods-RideAlongTests.release.xcconfig"; sourceTree = "<group>"; };
		4748D3668994225573D04425 /* Pods_RideAlongTests.framework */ = {isa = PBXFileReference; explicitFileType = wrapper.framework; includeInIndex = 0; path = Pods_RideAlongTests.framework; sourceTree = BUILT_PRODUCTS_DIR; };
		4A5CF72237FE9F11083A06CF /* Pods_RideAlongUITests.framework */ = {isa = PBXFileReference; explicitFileType = wrapper.framework; includeInIndex = 0; path = Pods_RideAlongUITests.framework; sourceTree = BUILT_PRODUCTS_DIR; };
		4D156186F5E8F1C372C4ABE7 /* Pods-RideAlong.release.xcconfig */ = {isa = PBXFileReference; includeInIndex = 1; lastKnownFileType = text.xcconfig; name = "Pods-RideAlong.release.xcconfig"; path = "Pods/Target Support Files/Pods-RideAlong/Pods-RideAlong.release.xcconfig"; sourceTree = "<group>"; };
		5D6EEF9ECD823D4439CB669B /* Pods-RideAlong.debug.xcconfig */ = {isa = PBXFileReference; includeInIndex = 1; lastKnownFileType = text.xcconfig; name = "Pods-RideAlong.debug.xcconfig"; path = "Pods/Target Support Files/Pods-RideAlong/Pods-RideAlong.debug.xcconfig"; sourceTree = "<group>"; };
		631F7608E20ACA38B84EDF41 /* Pods_RideAlong_RideAlongTests.framework */ = {isa = PBXFileReference; explicitFileType = wrapper.framework; includeInIndex = 0; path = Pods_RideAlong_RideAlongTests.framework; sourceTree = BUILT_PRODUCTS_DIR; };
		65348C1971EAF5AA12535661 /* Pods-RideAlongTests.debug.xcconfig */ = {isa = PBXFileReference; includeInIndex = 1; lastKnownFileType = text.xcconfig; name = "Pods-RideAlongTests.debug.xcconfig"; path = "Pods/Target Support Files/Pods-RideAlongTests/Pods-RideAlongTests.debug.xcconfig"; sourceTree = "<group>"; };
		7F0743255F8C8A66F110BAB9 /* Pods-RideAlong-RideAlongUITests.debug.xcconfig */ = {isa = PBXFileReference; includeInIndex = 1; lastKnownFileType = text.xcconfig; name = "Pods-RideAlong-RideAlongUITests.debug.xcconfig"; path = "Pods/Target Support Files/Pods-RideAlong-RideAlongUITests/Pods-RideAlong-RideAlongUITests.debug.xcconfig"; sourceTree = "<group>"; };
		945400516BFFA5B429FED944 /* Pods-RideAlong-RideAlongTests.debug.xcconfig */ = {isa = PBXFileReference; includeInIndex = 1; lastKnownFileType = text.xcconfig; name = "Pods-RideAlong-RideAlongTests.debug.xcconfig"; path = "Pods/Target Support Files/Pods-RideAlong-RideAlongTests/Pods-RideAlong-RideAlongTests.debug.xcconfig"; sourceTree = "<group>"; };
		94EFA4C8673C16ABD9D52AFA /* Pods_RideAlong.framework */ = {isa = PBXFileReference; explicitFileType = wrapper.framework; includeInIndex = 0; path = Pods_RideAlong.framework; sourceTree = BUILT_PRODUCTS_DIR; };
		9DE3939966C21FA0C46F439E /* Pods_RideAlong_RideAlongUITests.framework */ = {isa = PBXFileReference; explicitFileType = wrapper.framework; includeInIndex = 0; path = Pods_RideAlong_RideAlongUITests.framework; sourceTree = BUILT_PRODUCTS_DIR; };
		A503C69B1E4A2C4900EE2E35 /* RideAlong.app */ = {isa = PBXFileReference; explicitFileType = wrapper.application; includeInIndex = 0; path = RideAlong.app; sourceTree = BUILT_PRODUCTS_DIR; };
		A503C69E1E4A2C4900EE2E35 /* AppDelegate.swift */ = {isa = PBXFileReference; lastKnownFileType = sourcecode.swift; path = AppDelegate.swift; sourceTree = "<group>"; };
		A503C6A51E4A2C4900EE2E35 /* Assets.xcassets */ = {isa = PBXFileReference; lastKnownFileType = folder.assetcatalog; path = Assets.xcassets; sourceTree = "<group>"; };
		A503C6A81E4A2C4900EE2E35 /* Base */ = {isa = PBXFileReference; lastKnownFileType = file.storyboard; name = Base; path = Base.lproj/LaunchScreen.storyboard; sourceTree = "<group>"; };
		A503C6AA1E4A2C4900EE2E35 /* Info.plist */ = {isa = PBXFileReference; lastKnownFileType = text.plist.xml; path = Info.plist; sourceTree = "<group>"; };
		A503C6AF1E4A2C4900EE2E35 /* RideAlongTests.xctest */ = {isa = PBXFileReference; explicitFileType = wrapper.cfbundle; includeInIndex = 0; path = RideAlongTests.xctest; sourceTree = BUILT_PRODUCTS_DIR; };
		A503C6B31E4A2C4900EE2E35 /* RideAlongTests.swift */ = {isa = PBXFileReference; lastKnownFileType = sourcecode.swift; path = RideAlongTests.swift; sourceTree = "<group>"; };
		A503C6B51E4A2C4900EE2E35 /* Info.plist */ = {isa = PBXFileReference; lastKnownFileType = text.plist.xml; path = Info.plist; sourceTree = "<group>"; };
		A503C6BA1E4A2C4900EE2E35 /* RideAlongUITests.xctest */ = {isa = PBXFileReference; explicitFileType = wrapper.cfbundle; includeInIndex = 0; path = RideAlongUITests.xctest; sourceTree = BUILT_PRODUCTS_DIR; };
		A503C6BE1E4A2C4900EE2E35 /* RideAlongUITests.swift */ = {isa = PBXFileReference; lastKnownFileType = sourcecode.swift; path = RideAlongUITests.swift; sourceTree = "<group>"; };
		A503C6C01E4A2C4900EE2E35 /* Info.plist */ = {isa = PBXFileReference; lastKnownFileType = text.plist.xml; path = Info.plist; sourceTree = "<group>"; };
		A566F0F81E6BE02900EE4262 /* RegisterViewController.swift */ = {isa = PBXFileReference; fileEncoding = 4; lastKnownFileType = sourcecode.swift; path = RegisterViewController.swift; sourceTree = "<group>"; };
		A566F0FA1E6BE32B00EE4262 /* RideAlong.entitlements */ = {isa = PBXFileReference; lastKnownFileType = text.xml; path = RideAlong.entitlements; sourceTree = "<group>"; };
		A566F0FB1E6BE39100EE4262 /* LoginPageViewController.swift */ = {isa = PBXFileReference; fileEncoding = 4; lastKnownFileType = sourcecode.swift; path = LoginPageViewController.swift; sourceTree = "<group>"; };
		A57A1AC01E96EF640030BB07 /* CurrentProfileViewController.swift */ = {isa = PBXFileReference; fileEncoding = 4; lastKnownFileType = sourcecode.swift; path = CurrentProfileViewController.swift; sourceTree = "<group>"; };
		A5C292C01E8AF5950093995D /* GoogleService-Info.plist */ = {isa = PBXFileReference; fileEncoding = 4; lastKnownFileType = text.plist.xml; path = "GoogleService-Info.plist"; sourceTree = "<group>"; };
		A5C292C21E8AFD1E0093995D /* ProfileViewController.swift */ = {isa = PBXFileReference; fileEncoding = 4; lastKnownFileType = sourcecode.swift; path = ProfileViewController.swift; sourceTree = "<group>"; };
		A5C292C51E8B00B80093995D /* Base */ = {isa = PBXFileReference; lastKnownFileType = file.storyboard; name = Base; path = Base.lproj/Main.storyboard; sourceTree = "<group>"; };
		BFA4671BB2856AEEC49D7840 /* Pods-RideAlongUITests.release.xcconfig */ = {isa = PBXFileReference; includeInIndex = 1; lastKnownFileType = text.xcconfig; name = "Pods-RideAlongUITests.release.xcconfig"; path = "Pods/Target Support Files/Pods-RideAlongUITests/Pods-RideAlongUITests.release.xcconfig"; sourceTree = "<group>"; };
		DD25805E1587D34F87C668E6 /* Pods-RideAlongUITests.debug.xcconfig */ = {isa = PBXFileReference; includeInIndex = 1; lastKnownFileType = text.xcconfig; name = "Pods-RideAlongUITests.debug.xcconfig"; path = "Pods/Target Support Files/Pods-RideAlongUITests/Pods-RideAlongUITests.debug.xcconfig"; sourceTree = "<group>"; };
/* End PBXFileReference section */

/* Begin PBXFrameworksBuildPhase section */
		A503C6981E4A2C4900EE2E35 /* Frameworks */ = {
			isa = PBXFrameworksBuildPhase;
			buildActionMask = 2147483647;
			files = (
				67D5DB512B02ED6D574AFC6C /* Pods_RideAlong.framework in Frameworks */,
			);
			runOnlyForDeploymentPostprocessing = 0;
		};
		A503C6AC1E4A2C4900EE2E35 /* Frameworks */ = {
			isa = PBXFrameworksBuildPhase;
			buildActionMask = 2147483647;
			files = (
				E0B91602B8093F67A8070F19 /* Pods_RideAlongTests.framework in Frameworks */,
				D552B9653AFFDCB4F9AE9089 /* Pods_RideAlong_RideAlongTests.framework in Frameworks */,
			);
			runOnlyForDeploymentPostprocessing = 0;
		};
		A503C6B71E4A2C4900EE2E35 /* Frameworks */ = {
			isa = PBXFrameworksBuildPhase;
			buildActionMask = 2147483647;
			files = (
				3EE9345410163EE16318FD98 /* Pods_RideAlongUITests.framework in Frameworks */,
				8AA22C8E00DD192DDDF1B9A7 /* Pods_RideAlong_RideAlongUITests.framework in Frameworks */,
			);
			runOnlyForDeploymentPostprocessing = 0;
		};
/* End PBXFrameworksBuildPhase section */

/* Begin PBXGroup section */
		37AF67451AAC8100F573D7E6 /* Pods */ = {
			isa = PBXGroup;
			children = (
				5D6EEF9ECD823D4439CB669B /* Pods-RideAlong.debug.xcconfig */,
				4D156186F5E8F1C372C4ABE7 /* Pods-RideAlong.release.xcconfig */,
				65348C1971EAF5AA12535661 /* Pods-RideAlongTests.debug.xcconfig */,
				18595E7741E714AE85D24394 /* Pods-RideAlongTests.release.xcconfig */,
				DD25805E1587D34F87C668E6 /* Pods-RideAlongUITests.debug.xcconfig */,
				BFA4671BB2856AEEC49D7840 /* Pods-RideAlongUITests.release.xcconfig */,
				945400516BFFA5B429FED944 /* Pods-RideAlong-RideAlongTests.debug.xcconfig */,
				033A02D6A0DBBEF990958CA2 /* Pods-RideAlong-RideAlongTests.release.xcconfig */,
				7F0743255F8C8A66F110BAB9 /* Pods-RideAlong-RideAlongUITests.debug.xcconfig */,
				1607AFC075D18E3C4DD1A91F /* Pods-RideAlong-RideAlongUITests.release.xcconfig */,
			);
			name = Pods;
			sourceTree = "<group>";
		};
		6480A92282F8FC072D763F7B /* Frameworks */ = {
			isa = PBXGroup;
			children = (
				94EFA4C8673C16ABD9D52AFA /* Pods_RideAlong.framework */,
				4748D3668994225573D04425 /* Pods_RideAlongTests.framework */,
				4A5CF72237FE9F11083A06CF /* Pods_RideAlongUITests.framework */,
				631F7608E20ACA38B84EDF41 /* Pods_RideAlong_RideAlongTests.framework */,
				9DE3939966C21FA0C46F439E /* Pods_RideAlong_RideAlongUITests.framework */,
			);
			name = Frameworks;
			sourceTree = "<group>";
		};
		A503C6921E4A2C4900EE2E35 = {
			isa = PBXGroup;
			children = (
				A503C69D1E4A2C4900EE2E35 /* RideAlong */,
				A503C6B21E4A2C4900EE2E35 /* RideAlongTests */,
				A503C6BD1E4A2C4900EE2E35 /* RideAlongUITests */,
				A503C69C1E4A2C4900EE2E35 /* Products */,
				37AF67451AAC8100F573D7E6 /* Pods */,
				6480A92282F8FC072D763F7B /* Frameworks */,
			);
			sourceTree = "<group>";
		};
		A503C69C1E4A2C4900EE2E35 /* Products */ = {
			isa = PBXGroup;
			children = (
				A503C69B1E4A2C4900EE2E35 /* RideAlong.app */,
				A503C6AF1E4A2C4900EE2E35 /* RideAlongTests.xctest */,
				A503C6BA1E4A2C4900EE2E35 /* RideAlongUITests.xctest */,
			);
			name = Products;
			sourceTree = "<group>";
		};
		A503C69D1E4A2C4900EE2E35 /* RideAlong */ = {
			isa = PBXGroup;
			children = (
				A566F0FA1E6BE32B00EE4262 /* RideAlong.entitlements */,
				A503C69E1E4A2C4900EE2E35 /* AppDelegate.swift */,
				A566F0FB1E6BE39100EE4262 /* LoginPageViewController.swift */,
				A5C292C41E8B00B80093995D /* Main.storyboard */,
				A503C6A51E4A2C4900EE2E35 /* Assets.xcassets */,
				A503C6A71E4A2C4900EE2E35 /* LaunchScreen.storyboard */,
				A5C292C01E8AF5950093995D /* GoogleService-Info.plist */,
				A503C6AA1E4A2C4900EE2E35 /* Info.plist */,
				A57A1AC01E96EF640030BB07 /* CurrentProfileViewController.swift */,
				A566F0F81E6BE02900EE4262 /* RegisterViewController.swift */,
				A5C292C21E8AFD1E0093995D /* ProfileViewController.swift */,
			);
			path = RideAlong;
			sourceTree = "<group>";
		};
		A503C6B21E4A2C4900EE2E35 /* RideAlongTests */ = {
			isa = PBXGroup;
			children = (
				A503C6B31E4A2C4900EE2E35 /* RideAlongTests.swift */,
				A503C6B51E4A2C4900EE2E35 /* Info.plist */,
			);
			path = RideAlongTests;
			sourceTree = "<group>";
		};
		A503C6BD1E4A2C4900EE2E35 /* RideAlongUITests */ = {
			isa = PBXGroup;
			children = (
				A503C6BE1E4A2C4900EE2E35 /* RideAlongUITests.swift */,
				A503C6C01E4A2C4900EE2E35 /* Info.plist */,
			);
			path = RideAlongUITests;
			sourceTree = "<group>";
		};
/* End PBXGroup section */

/* Begin PBXNativeTarget section */
		A503C69A1E4A2C4900EE2E35 /* RideAlong */ = {
			isa = PBXNativeTarget;
			buildConfigurationList = A503C6C31E4A2C4900EE2E35 /* Build configuration list for PBXNativeTarget "RideAlong" */;
			buildPhases = (
				93E29BB1B155E7DA97A9B50C /* [CP] Check Pods Manifest.lock */,
				A503C6971E4A2C4900EE2E35 /* Sources */,
				A503C6981E4A2C4900EE2E35 /* Frameworks */,
				A503C6991E4A2C4900EE2E35 /* Resources */,
				C51C0B062D60B2E5C3AA8658 /* [CP] Embed Pods Frameworks */,
				C7C1F747E9262EB4487FD42A /* [CP] Copy Pods Resources */,
			);
			buildRules = (
			);
			dependencies = (
			);
			name = RideAlong;
			productName = RideAlong;
			productReference = A503C69B1E4A2C4900EE2E35 /* RideAlong.app */;
			productType = "com.apple.product-type.application";
		};
		A503C6AE1E4A2C4900EE2E35 /* RideAlongTests */ = {
			isa = PBXNativeTarget;
			buildConfigurationList = A503C6C61E4A2C4900EE2E35 /* Build configuration list for PBXNativeTarget "RideAlongTests" */;
			buildPhases = (
				5DBE7417995ECC52584BD6BB /* [CP] Check Pods Manifest.lock */,
				A503C6AB1E4A2C4900EE2E35 /* Sources */,
				A503C6AC1E4A2C4900EE2E35 /* Frameworks */,
				A503C6AD1E4A2C4900EE2E35 /* Resources */,
				A1A03A1E3F662754959C0844 /* [CP] Embed Pods Frameworks */,
				4B7C4531ED380D08543D249C /* [CP] Copy Pods Resources */,
			);
			buildRules = (
			);
			dependencies = (
				A503C6B11E4A2C4900EE2E35 /* PBXTargetDependency */,
			);
			name = RideAlongTests;
			productName = RideAlongTests;
			productReference = A503C6AF1E4A2C4900EE2E35 /* RideAlongTests.xctest */;
			productType = "com.apple.product-type.bundle.unit-test";
		};
		A503C6B91E4A2C4900EE2E35 /* RideAlongUITests */ = {
			isa = PBXNativeTarget;
			buildConfigurationList = A503C6C91E4A2C4900EE2E35 /* Build configuration list for PBXNativeTarget "RideAlongUITests" */;
			buildPhases = (
				F6E8857F0DA6504BF0D4AF3E /* [CP] Check Pods Manifest.lock */,
				A503C6B61E4A2C4900EE2E35 /* Sources */,
				A503C6B71E4A2C4900EE2E35 /* Frameworks */,
				A503C6B81E4A2C4900EE2E35 /* Resources */,
				642F5EF484CC30BD51424FF7 /* [CP] Embed Pods Frameworks */,
				D1F11E70C5E4617FDDF1143E /* [CP] Copy Pods Resources */,
			);
			buildRules = (
			);
			dependencies = (
				A503C6BC1E4A2C4900EE2E35 /* PBXTargetDependency */,
			);
			name = RideAlongUITests;
			productName = RideAlongUITests;
			productReference = A503C6BA1E4A2C4900EE2E35 /* RideAlongUITests.xctest */;
			productType = "com.apple.product-type.bundle.ui-testing";
		};
/* End PBXNativeTarget section */

/* Begin PBXProject section */
		A503C6931E4A2C4900EE2E35 /* Project object */ = {
			isa = PBXProject;
			attributes = {
				LastSwiftUpdateCheck = 0730;
				LastUpgradeCheck = 0730;
				TargetAttributes = {
					A503C69A1E4A2C4900EE2E35 = {
						CreatedOnToolsVersion = 7.3.1;
						DevelopmentTeam = K63MR4MP7P;
						SystemCapabilities = {
							com.apple.Keychain = {
								enabled = 1;
							};
						};
					};
					A503C6AE1E4A2C4900EE2E35 = {
						CreatedOnToolsVersion = 7.3.1;
						DevelopmentTeam = K63MR4MP7P;
						TestTargetID = A503C69A1E4A2C4900EE2E35;
					};
					A503C6B91E4A2C4900EE2E35 = {
						CreatedOnToolsVersion = 7.3.1;
						DevelopmentTeam = K63MR4MP7P;
						TestTargetID = A503C69A1E4A2C4900EE2E35;
					};
				};
			};
			buildConfigurationList = A503C6961E4A2C4900EE2E35 /* Build configuration list for PBXProject "RideAlong" */;
			compatibilityVersion = "Xcode 3.2";
			developmentRegion = English;
			hasScannedForEncodings = 0;
			knownRegions = (
				en,
				Base,
			);
			mainGroup = A503C6921E4A2C4900EE2E35;
			productRefGroup = A503C69C1E4A2C4900EE2E35 /* Products */;
			projectDirPath = "";
			projectRoot = "";
			targets = (
				A503C69A1E4A2C4900EE2E35 /* RideAlong */,
				A503C6AE1E4A2C4900EE2E35 /* RideAlongTests */,
				A503C6B91E4A2C4900EE2E35 /* RideAlongUITests */,
			);
		};
/* End PBXProject section */

/* Begin PBXResourcesBuildPhase section */
		A503C6991E4A2C4900EE2E35 /* Resources */ = {
			isa = PBXResourcesBuildPhase;
			buildActionMask = 2147483647;
			files = (
				A503C6A91E4A2C4900EE2E35 /* LaunchScreen.storyboard in Resources */,
				A5C292C11E8AF5950093995D /* GoogleService-Info.plist in Resources */,
				A503C6A61E4A2C4900EE2E35 /* Assets.xcassets in Resources */,
				A5C292C61E8B00B80093995D /* Main.storyboard in Resources */,
			);
			runOnlyForDeploymentPostprocessing = 0;
		};
		A503C6AD1E4A2C4900EE2E35 /* Resources */ = {
			isa = PBXResourcesBuildPhase;
			buildActionMask = 2147483647;
			files = (
			);
			runOnlyForDeploymentPostprocessing = 0;
		};
		A503C6B81E4A2C4900EE2E35 /* Resources */ = {
			isa = PBXResourcesBuildPhase;
			buildActionMask = 2147483647;
			files = (
			);
			runOnlyForDeploymentPostprocessing = 0;
		};
/* End PBXResourcesBuildPhase section */

/* Begin PBXShellScriptBuildPhase section */
		4B7C4531ED380D08543D249C /* [CP] Copy Pods Resources */ = {
			isa = PBXShellScriptBuildPhase;
			buildActionMask = 2147483647;
			files = (
			);
			inputPaths = (
			);
			name = "[CP] Copy Pods Resources";
			outputPaths = (
			);
			runOnlyForDeploymentPostprocessing = 0;
			shellPath = /bin/sh;
			shellScript = "\"${SRCROOT}/Pods/Target Support Files/Pods-RideAlongTests/Pods-RideAlongTests-resources.sh\"\n";
			showEnvVarsInLog = 0;
		};
		5DBE7417995ECC52584BD6BB /* [CP] Check Pods Manifest.lock */ = {
			isa = PBXShellScriptBuildPhase;
			buildActionMask = 2147483647;
			files = (
			);
			inputPaths = (
			);
			name = "[CP] Check Pods Manifest.lock";
			outputPaths = (
			);
			runOnlyForDeploymentPostprocessing = 0;
			shellPath = /bin/sh;
			shellScript = "diff \"${PODS_ROOT}/../Podfile.lock\" \"${PODS_ROOT}/Manifest.lock\" > /dev/null\nif [ $? != 0 ] ; then\n    # print error to STDERR\n    echo \"error: The sandbox is not in sync with the Podfile.lock. Run 'pod install' or update your CocoaPods installation.\" >&2\n    exit 1\nfi\n";
			showEnvVarsInLog = 0;
		};
		642F5EF484CC30BD51424FF7 /* [CP] Embed Pods Frameworks */ = {
			isa = PBXShellScriptBuildPhase;
			buildActionMask = 2147483647;
			files = (
			);
			inputPaths = (
			);
			name = "[CP] Embed Pods Frameworks";
			outputPaths = (
			);
			runOnlyForDeploymentPostprocessing = 0;
			shellPath = /bin/sh;
			shellScript = "\"${SRCROOT}/Pods/Target Support Files/Pods-RideAlongUITests/Pods-RideAlongUITests-frameworks.sh\"\n";
			showEnvVarsInLog = 0;
		};
		93E29BB1B155E7DA97A9B50C /* [CP] Check Pods Manifest.lock */ = {
			isa = PBXShellScriptBuildPhase;
			buildActionMask = 2147483647;
			files = (
			);
			inputPaths = (
			);
			name = "[CP] Check Pods Manifest.lock";
			outputPaths = (
			);
			runOnlyForDeploymentPostprocessing = 0;
			shellPath = /bin/sh;
			shellScript = "diff \"${PODS_ROOT}/../Podfile.lock\" \"${PODS_ROOT}/Manifest.lock\" > /dev/null\nif [ $? != 0 ] ; then\n    # print error to STDERR\n    echo \"error: The sandbox is not in sync with the Podfile.lock. Run 'pod install' or update your CocoaPods installation.\" >&2\n    exit 1\nfi\n";
			showEnvVarsInLog = 0;
		};
		A1A03A1E3F662754959C0844 /* [CP] Embed Pods Frameworks */ = {
			isa = PBXShellScriptBuildPhase;
			buildActionMask = 2147483647;
			files = (
			);
			inputPaths = (
			);
			name = "[CP] Embed Pods Frameworks";
			outputPaths = (
			);
			runOnlyForDeploymentPostprocessing = 0;
			shellPath = /bin/sh;
			shellScript = "\"${SRCROOT}/Pods/Target Support Files/Pods-RideAlongTests/Pods-RideAlongTests-frameworks.sh\"\n";
			showEnvVarsInLog = 0;
		};
		C51C0B062D60B2E5C3AA8658 /* [CP] Embed Pods Frameworks */ = {
			isa = PBXShellScriptBuildPhase;
			buildActionMask = 2147483647;
			files = (
			);
			inputPaths = (
			);
			name = "[CP] Embed Pods Frameworks";
			outputPaths = (
			);
			runOnlyForDeploymentPostprocessing = 0;
			shellPath = /bin/sh;
			shellScript = "\"${SRCROOT}/Pods/Target Support Files/Pods-RideAlong/Pods-RideAlong-frameworks.sh\"\n";
			showEnvVarsInLog = 0;
		};
		C7C1F747E9262EB4487FD42A /* [CP] Copy Pods Resources */ = {
			isa = PBXShellScriptBuildPhase;
			buildActionMask = 2147483647;
			files = (
			);
			inputPaths = (
			);
			name = "[CP] Copy Pods Resources";
			outputPaths = (
			);
			runOnlyForDeploymentPostprocessing = 0;
			shellPath = /bin/sh;
			shellScript = "\"${SRCROOT}/Pods/Target Support Files/Pods-RideAlong/Pods-RideAlong-resources.sh\"\n";
			showEnvVarsInLog = 0;
		};
		D1F11E70C5E4617FDDF1143E /* [CP] Copy Pods Resources */ = {
			isa = PBXShellScriptBuildPhase;
			buildActionMask = 2147483647;
			files = (
			);
			inputPaths = (
			);
			name = "[CP] Copy Pods Resources";
			outputPaths = (
			);
			runOnlyForDeploymentPostprocessing = 0;
			shellPath = /bin/sh;
			shellScript = "\"${SRCROOT}/Pods/Target Support Files/Pods-RideAlongUITests/Pods-RideAlongUITests-resources.sh\"\n";
			showEnvVarsInLog = 0;
		};
		F6E8857F0DA6504BF0D4AF3E /* [CP] Check Pods Manifest.lock */ = {
			isa = PBXShellScriptBuildPhase;
			buildActionMask = 2147483647;
			files = (
			);
			inputPaths = (
			);
			name = "[CP] Check Pods Manifest.lock";
			outputPaths = (
			);
			runOnlyForDeploymentPostprocessing = 0;
			shellPath = /bin/sh;
			shellScript = "diff \"${PODS_ROOT}/../Podfile.lock\" \"${PODS_ROOT}/Manifest.lock\" > /dev/null\nif [ $? != 0 ] ; then\n    # print error to STDERR\n    echo \"error: The sandbox is not in sync with the Podfile.lock. Run 'pod install' or update your CocoaPods installation.\" >&2\n    exit 1\nfi\n";
			showEnvVarsInLog = 0;
		};
/* End PBXShellScriptBuildPhase section */

/* Begin PBXSourcesBuildPhase section */
		A503C6971E4A2C4900EE2E35 /* Sources */ = {
			isa = PBXSourcesBuildPhase;
			buildActionMask = 2147483647;
			files = (
				A566F0FC1E6BE39100EE4262 /* LoginPageViewController.swift in Sources */,
				A57A1AC11E96EF640030BB07 /* CurrentProfileViewController.swift in Sources */,
				A503C69F1E4A2C4900EE2E35 /* AppDelegate.swift in Sources */,
				A5C292C31E8AFD1E0093995D /* ProfileViewController.swift in Sources */,
				A566F0F91E6BE02900EE4262 /* RegisterViewController.swift in Sources */,
			);
			runOnlyForDeploymentPostprocessing = 0;
		};
		A503C6AB1E4A2C4900EE2E35 /* Sources */ = {
			isa = PBXSourcesBuildPhase;
			buildActionMask = 2147483647;
			files = (
				A503C6B41E4A2C4900EE2E35 /* RideAlongTests.swift in Sources */,
			);
			runOnlyForDeploymentPostprocessing = 0;
		};
		A503C6B61E4A2C4900EE2E35 /* Sources */ = {
			isa = PBXSourcesBuildPhase;
			buildActionMask = 2147483647;
			files = (
				A503C6BF1E4A2C4900EE2E35 /* RideAlongUITests.swift in Sources */,
			);
			runOnlyForDeploymentPostprocessing = 0;
		};
/* End PBXSourcesBuildPhase section */

/* Begin PBXTargetDependency section */
		A503C6B11E4A2C4900EE2E35 /* PBXTargetDependency */ = {
			isa = PBXTargetDependency;
			target = A503C69A1E4A2C4900EE2E35 /* RideAlong */;
			targetProxy = A503C6B01E4A2C4900EE2E35 /* PBXContainerItemProxy */;
		};
		A503C6BC1E4A2C4900EE2E35 /* PBXTargetDependency */ = {
			isa = PBXTargetDependency;
			target = A503C69A1E4A2C4900EE2E35 /* RideAlong */;
			targetProxy = A503C6BB1E4A2C4900EE2E35 /* PBXContainerItemProxy */;
		};
/* End PBXTargetDependency section */

/* Begin PBXVariantGroup section */
		A503C6A71E4A2C4900EE2E35 /* LaunchScreen.storyboard */ = {
			isa = PBXVariantGroup;
			children = (
				A503C6A81E4A2C4900EE2E35 /* Base */,
			);
			name = LaunchScreen.storyboard;
			sourceTree = "<group>";
		};
		A5C292C41E8B00B80093995D /* Main.storyboard */ = {
			isa = PBXVariantGroup;
			children = (
				A5C292C51E8B00B80093995D /* Base */,
			);
			name = Main.storyboard;
			sourceTree = "<group>";
		};
/* End PBXVariantGroup section */

/* Begin XCBuildConfiguration section */
		A503C6C11E4A2C4900EE2E35 /* Debug */ = {
			isa = XCBuildConfiguration;
			buildSettings = {
				ALWAYS_SEARCH_USER_PATHS = NO;
				CLANG_ANALYZER_NONNULL = YES;
				CLANG_CXX_LANGUAGE_STANDARD = "gnu++0x";
				CLANG_CXX_LIBRARY = "libc++";
				CLANG_ENABLE_MODULES = YES;
				CLANG_ENABLE_OBJC_ARC = YES;
				CLANG_WARN_BOOL_CONVERSION = YES;
				CLANG_WARN_CONSTANT_CONVERSION = YES;
				CLANG_WARN_DIRECT_OBJC_ISA_USAGE = YES_ERROR;
				CLANG_WARN_EMPTY_BODY = YES;
				CLANG_WARN_ENUM_CONVERSION = YES;
				CLANG_WARN_INT_CONVERSION = YES;
				CLANG_WARN_OBJC_ROOT_CLASS = YES_ERROR;
				CLANG_WARN_UNREACHABLE_CODE = YES;
				CLANG_WARN__DUPLICATE_METHOD_MATCH = YES;
				"CODE_SIGN_IDENTITY[sdk=iphoneos*]" = "iPhone Developer";
				COPY_PHASE_STRIP = NO;
				DEBUG_INFORMATION_FORMAT = dwarf;
				ENABLE_STRICT_OBJC_MSGSEND = YES;
				ENABLE_TESTABILITY = YES;
				GCC_C_LANGUAGE_STANDARD = gnu99;
				GCC_DYNAMIC_NO_PIC = NO;
				GCC_NO_COMMON_BLOCKS = YES;
				GCC_OPTIMIZATION_LEVEL = 0;
				GCC_PREPROCESSOR_DEFINITIONS = (
					"DEBUG=1",
					"$(inherited)",
				);
				GCC_WARN_64_TO_32_BIT_CONVERSION = YES;
				GCC_WARN_ABOUT_RETURN_TYPE = YES_ERROR;
				GCC_WARN_UNDECLARED_SELECTOR = YES;
				GCC_WARN_UNINITIALIZED_AUTOS = YES_AGGRESSIVE;
				GCC_WARN_UNUSED_FUNCTION = YES;
				GCC_WARN_UNUSED_VARIABLE = YES;
				IPHONEOS_DEPLOYMENT_TARGET = 9.3;
				MTL_ENABLE_DEBUG_INFO = YES;
				ONLY_ACTIVE_ARCH = YES;
				SDKROOT = iphoneos;
				SWIFT_OPTIMIZATION_LEVEL = "-Onone";
			};
			name = Debug;
		};
		A503C6C21E4A2C4900EE2E35 /* Release */ = {
			isa = XCBuildConfiguration;
			buildSettings = {
				ALWAYS_SEARCH_USER_PATHS = NO;
				CLANG_ANALYZER_NONNULL = YES;
				CLANG_CXX_LANGUAGE_STANDARD = "gnu++0x";
				CLANG_CXX_LIBRARY = "libc++";
				CLANG_ENABLE_MODULES = YES;
				CLANG_ENABLE_OBJC_ARC = YES;
				CLANG_WARN_BOOL_CONVERSION = YES;
				CLANG_WARN_CONSTANT_CONVERSION = YES;
				CLANG_WARN_DIRECT_OBJC_ISA_USAGE = YES_ERROR;
				CLANG_WARN_EMPTY_BODY = YES;
				CLANG_WARN_ENUM_CONVERSION = YES;
				CLANG_WARN_INT_CONVERSION = YES;
				CLANG_WARN_OBJC_ROOT_CLASS = YES_ERROR;
				CLANG_WARN_UNREACHABLE_CODE = YES;
				CLANG_WARN__DUPLICATE_METHOD_MATCH = YES;
				"CODE_SIGN_IDENTITY[sdk=iphoneos*]" = "iPhone Developer";
				COPY_PHASE_STRIP = NO;
				DEBUG_INFORMATION_FORMAT = "dwarf-with-dsym";
				ENABLE_NS_ASSERTIONS = NO;
				ENABLE_STRICT_OBJC_MSGSEND = YES;
				GCC_C_LANGUAGE_STANDARD = gnu99;
				GCC_NO_COMMON_BLOCKS = YES;
				GCC_WARN_64_TO_32_BIT_CONVERSION = YES;
				GCC_WARN_ABOUT_RETURN_TYPE = YES_ERROR;
				GCC_WARN_UNDECLARED_SELECTOR = YES;
				GCC_WARN_UNINITIALIZED_AUTOS = YES_AGGRESSIVE;
				GCC_WARN_UNUSED_FUNCTION = YES;
				GCC_WARN_UNUSED_VARIABLE = YES;
				IPHONEOS_DEPLOYMENT_TARGET = 9.3;
				MTL_ENABLE_DEBUG_INFO = NO;
				SDKROOT = iphoneos;
				VALIDATE_PRODUCT = YES;
			};
			name = Release;
		};
		A503C6C41E4A2C4900EE2E35 /* Debug */ = {
			isa = XCBuildConfiguration;
			baseConfigurationReference = 5D6EEF9ECD823D4439CB669B /* Pods-RideAlong.debug.xcconfig */;
			buildSettings = {
				ASSETCATALOG_COMPILER_APPICON_NAME = AppIcon;
				CODE_SIGN_ENTITLEMENTS = RideAlong/RideAlong.entitlements;
				CODE_SIGN_IDENTITY = "iPhone Developer";
				"CODE_SIGN_IDENTITY[sdk=iphoneos*]" = "iPhone Developer";
				FRAMEWORK_SEARCH_PATHS = "$(inherited)";
				INFOPLIST_FILE = RideAlong/Info.plist;
				LD_RUNPATH_SEARCH_PATHS = "$(inherited) @executable_path/Frameworks";
				OTHER_LDFLAGS = (
					"$(inherited)",
					"-ObjC",
					"-l\"c++\"",
					"-l\"icucore\"",
					"-l\"sqlite3\"",
					"-l\"z\"",
					"-framework",
					"\"CFNetwork\"",
					"-framework",
					"\"FirebaseAnalytics\"",
					"-framework",
					"\"FirebaseAuth\"",
					"-framework",
					"\"FirebaseCore\"",
					"-framework",
					"\"FirebaseDatabase\"",
					"-framework",
					"\"FirebaseInstanceID\"",
					"-framework",
					"\"FirebaseStorage\"",
					"-framework",
					"\"GTMSessionFetcher\"",
					"-framework",
					"\"GoogleToolboxForMac\"",
					"-framework",
					"\"MobileCoreServices\"",
					"-framework",
					"\"Security\"",
					"-framework",
					"\"StoreKit\"",
					"-framework",
					"\"SystemConfiguration\"",
					"$(inherited)",
				);
				PRODUCT_BUNDLE_IDENTIFIER = com.Erin.RideAlong;
				PRODUCT_NAME = "$(TARGET_NAME)";
				PROVISIONING_PROFILE = "";
			};
			name = Debug;
		};
		A503C6C51E4A2C4900EE2E35 /* Release */ = {
			isa = XCBuildConfiguration;
			baseConfigurationReference = 4D156186F5E8F1C372C4ABE7 /* Pods-RideAlong.release.xcconfig */;
			buildSettings = {
				ASSETCATALOG_COMPILER_APPICON_NAME = AppIcon;
				CODE_SIGN_ENTITLEMENTS = RideAlong/RideAlong.entitlements;
				CODE_SIGN_IDENTITY = "iPhone Developer";
				"CODE_SIGN_IDENTITY[sdk=iphoneos*]" = "iPhone Developer";
				FRAMEWORK_SEARCH_PATHS = "$(inherited)";
				INFOPLIST_FILE = RideAlong/Info.plist;
				LD_RUNPATH_SEARCH_PATHS = "$(inherited) @executable_path/Frameworks";
				OTHER_LDFLAGS = (
					"$(inherited)",
					"-ObjC",
					"-l\"c++\"",
					"-l\"icucore\"",
					"-l\"sqlite3\"",
					"-l\"z\"",
					"-framework",
					"\"CFNetwork\"",
					"-framework",
					"\"FirebaseAnalytics\"",
					"-framework",
					"\"FirebaseAuth\"",
					"-framework",
					"\"FirebaseCore\"",
					"-framework",
					"\"FirebaseDatabase\"",
					"-framework",
					"\"FirebaseInstanceID\"",
					"-framework",
					"\"FirebaseStorage\"",
					"-framework",
					"\"GTMSessionFetcher\"",
					"-framework",
					"\"GoogleToolboxForMac\"",
					"-framework",
					"\"MobileCoreServices\"",
					"-framework",
					"\"Security\"",
					"-framework",
					"\"StoreKit\"",
					"-framework",
					"\"SystemConfiguration\"",
					"$(inherited)",
				);
				PRODUCT_BUNDLE_IDENTIFIER = com.Erin.RideAlong;
				PRODUCT_NAME = "$(TARGET_NAME)";
				PROVISIONING_PROFILE = "";
			};
			name = Release;
		};
		A503C6C71E4A2C4900EE2E35 /* Debug */ = {
			isa = XCBuildConfiguration;
			baseConfigurationReference = 65348C1971EAF5AA12535661 /* Pods-RideAlongTests.debug.xcconfig */;
			buildSettings = {
				BUNDLE_LOADER = "$(TEST_HOST)";
				FRAMEWORK_SEARCH_PATHS = "$(inherited)";
				INFOPLIST_FILE = RideAlongTests/Info.plist;
				LD_RUNPATH_SEARCH_PATHS = "$(inherited) @executable_path/Frameworks @loader_path/Frameworks";
				PRODUCT_BUNDLE_IDENTIFIER = com.Erin.RideAlongTests;
				PRODUCT_NAME = "$(TARGET_NAME)";
				TEST_HOST = "$(BUILT_PRODUCTS_DIR)/RideAlong.app/RideAlong";
			};
			name = Debug;
		};
		A503C6C81E4A2C4900EE2E35 /* Release */ = {
			isa = XCBuildConfiguration;
			baseConfigurationReference = 18595E7741E714AE85D24394 /* Pods-RideAlongTests.release.xcconfig */;
			buildSettings = {
				BUNDLE_LOADER = "$(TEST_HOST)";
				FRAMEWORK_SEARCH_PATHS = "$(inherited)";
				INFOPLIST_FILE = RideAlongTests/Info.plist;
				LD_RUNPATH_SEARCH_PATHS = "$(inherited) @executable_path/Frameworks @loader_path/Frameworks";
				PRODUCT_BUNDLE_IDENTIFIER = com.Erin.RideAlongTests;
				PRODUCT_NAME = "$(TARGET_NAME)";
				TEST_HOST = "$(BUILT_PRODUCTS_DIR)/RideAlong.app/RideAlong";
			};
			name = Release;
		};
		A503C6CA1E4A2C4900EE2E35 /* Debug */ = {
			isa = XCBuildConfiguration;
			baseConfigurationReference = DD25805E1587D34F87C668E6 /* Pods-RideAlongUITests.debug.xcconfig */;
			buildSettings = {
				INFOPLIST_FILE = RideAlongUITests/Info.plist;
				LD_RUNPATH_SEARCH_PATHS = "$(inherited) @executable_path/Frameworks @loader_path/Frameworks";
				PRODUCT_BUNDLE_IDENTIFIER = com.Erin.RideAlongUITests;
				PRODUCT_NAME = "$(TARGET_NAME)";
				TEST_TARGET_NAME = RideAlong;
			};
			name = Debug;
		};
		A503C6CB1E4A2C4900EE2E35 /* Release */ = {
			isa = XCBuildConfiguration;
			baseConfigurationReference = BFA4671BB2856AEEC49D7840 /* Pods-RideAlongUITests.release.xcconfig */;
			buildSettings = {
				INFOPLIST_FILE = RideAlongUITests/Info.plist;
				LD_RUNPATH_SEARCH_PATHS = "$(inherited) @executable_path/Frameworks @loader_path/Frameworks";
				PRODUCT_BUNDLE_IDENTIFIER = com.Erin.RideAlongUITests;
				PRODUCT_NAME = "$(TARGET_NAME)";
				TEST_TARGET_NAME = RideAlong;
			};
			name = Release;
		};
/* End XCBuildConfiguration section */

/* Begin XCConfigurationList section */
		A503C6961E4A2C4900EE2E35 /* Build configuration list for PBXProject "RideAlong" */ = {
			isa = XCConfigurationList;
			buildConfigurations = (
				A503C6C11E4A2C4900EE2E35 /* Debug */,
				A503C6C21E4A2C4900EE2E35 /* Release */,
			);
			defaultConfigurationIsVisible = 0;
			defaultConfigurationName = Release;
		};
		A503C6C31E4A2C4900EE2E35 /* Build configuration list for PBXNativeTarget "RideAlong" */ = {
			isa = XCConfigurationList;
			buildConfigurations = (
				A503C6C41E4A2C4900EE2E35 /* Debug */,
				A503C6C51E4A2C4900EE2E35 /* Release */,
			);
			defaultConfigurationIsVisible = 0;
			defaultConfigurationName = Release;
		};
		A503C6C61E4A2C4900EE2E35 /* Build configuration list for PBXNativeTarget "RideAlongTests" */ = {
			isa = XCConfigurationList;
			buildConfigurations = (
				A503C6C71E4A2C4900EE2E35 /* Debug */,
				A503C6C81E4A2C4900EE2E35 /* Release */,
			);
			defaultConfigurationIsVisible = 0;
			defaultConfigurationName = Release;
		};
		A503C6C91E4A2C4900EE2E35 /* Build configuration list for PBXNativeTarget "RideAlongUITests" */ = {
			isa = XCConfigurationList;
			buildConfigurations = (
				A503C6CA1E4A2C4900EE2E35 /* Debug */,
				A503C6CB1E4A2C4900EE2E35 /* Release */,
			);
			defaultConfigurationIsVisible = 0;
			defaultConfigurationName = Release;
		};
/* End XCConfigurationList section */
	};
	rootObject = A503C6931E4A2C4900EE2E35 /* Project object */;
}
